
Microsoft Visual Studio Solution File, Format Version 12.00
# Visual Studio Version 17
VisualStudioVersion = 17.5.002.0
MinimumVisualStudioVersion = 10.0.40219.1
Project("{9A19103F-16F7-4668-BE54-9A1E7A4F7556}") = "SchoolBudgetApi", "SchoolBudgetApi.csproj", "{803CD275-CF89-453F-8166-43536A346A94}"
EndProject
Project("{FAE04EC0-301F-11D3-BF4B-00C04F79EFBC}") = "ConsoleApp1", "..\..\..\..\CommonTypesTest\ConsoleApp1\ConsoleApp1.csproj", "{CEC8B8CE-81EF-4E03-BB5D-6AD4EC357B75}"
EndProject
Global
	GlobalSection(SolutionConfigurationPlatforms) = preSolution
		Debug|Any CPU = Debug|Any CPU
		Release|Any CPU = Release|Any CPU
	EndGlobalSection
	GlobalSection(ProjectConfigurationPlatforms) = postSolution
		{803CD275-CF89-453F-8166-43536A346A94}.Debug|Any CPU.ActiveCfg = Debug|Any CPU
		{803CD275-CF89-453F-8166-43536A346A94}.Debug|Any CPU.Build.0 = Debug|Any CPU
		{803CD275-CF89-453F-8166-43536A346A94}.Release|Any CPU.ActiveCfg = Release|Any CPU
		{803CD275-CF89-453F-8166-43536A346A94}.Release|Any CPU.Build.0 = Release|Any CPU
		{CEC8B8CE-81EF-4E03-BB5D-6AD4EC357B75}.Debug|Any CPU.ActiveCfg = Debug|Any CPU
		{CEC8B8CE-81EF-4E03-BB5D-6AD4EC357B75}.Debug|Any CPU.Build.0 = Debug|Any CPU
		{CEC8B8CE-81EF-4E03-BB5D-6AD4EC357B75}.Release|Any CPU.ActiveCfg = Release|Any CPU
		{CEC8B8CE-81EF-4E03-BB5D-6AD4EC357B75}.Release|Any CPU.Build.0 = Release|Any CPU
	EndGlobalSection
	GlobalSection(SolutionProperties) = preSolution
		HideSolutionNode = FALSE
	EndGlobalSection
	GlobalSection(ExtensibilityGlobals) = postSolution
		SolutionGuid = {4DEBE22F-38F7-43F3-8BB8-A27C27C68158}
	EndGlobalSection
EndGlobal
